
Microsoft Visual Studio Solution File, Format Version 12.00
# Visual Studio Version 17
VisualStudioVersion = 17.0.31903.59
MinimumVisualStudioVersion = 10.0.40219.1
Project("{FAE04EC0-301F-11D3-BF4B-00C04F79EFBC}") = "Matraca.Core", "Matraca.Core\Matraca.Core.csproj", "{B1F68056-7C2F-40EF-A04B-65A9AF73D5A1}"
EndProject
Project("{FAE04EC0-301F-11D3-BF4B-00C04F79EFBC}") = "Matraca.Windows", "Matraca.Windows\Matraca.Windows.csproj", "{A5124832-0444-4A1E-A328-7EE4FA622D00}"
EndProject
Project("{FAE04EC0-301F-11D3-BF4B-00C04F79EFBC}") = "Matraca.Mac", "Matraca.Mac\Matraca.Mac.csproj", "{E29E416E-64FB-45B3-B23B-E38AFC7B8F31}"
EndProject
Project("{FAE04EC0-301F-11D3-BF4B-00C04F79EFBC}") = "Matraca.Web", "Matraca.Web\Matraca.Web.csproj", "{C32B31D2-9669-4FA5-AE45-A0D05F00AEE5}"
EndProject
Project("{2150E333-8FDC-42A3-9474-1A3956D46DE8}") = "tests", "tests", "{0AB3BF05-4346-4AA6-1389-037BE0695223}"
EndProject
Project("{FAE04EC0-301F-11D3-BF4B-00C04F79EFBC}") = "Matraca.Core.Tests", "tests\Matraca.Core.Tests\Matraca.Core.Tests.csproj", "{14C9299B-197C-4AB9-AF66-4D5BE175EF12}"
EndProject
Global
	GlobalSection(SolutionConfigurationPlatforms) = preSolution
		Debug|Any CPU = Debug|Any CPU
		Debug|x64 = Debug|x64
		Debug|x86 = Debug|x86
		Release|Any CPU = Release|Any CPU
		Release|x64 = Release|x64
		Release|x86 = Release|x86
	EndGlobalSection
	GlobalSection(ProjectConfigurationPlatforms) = postSolution
		{B1F68056-7C2F-40EF-A04B-65A9AF73D5A1}.Debug|Any CPU.ActiveCfg = Debug|Any CPU
		{B1F68056-7C2F-40EF-A04B-65A9AF73D5A1}.Debug|Any CPU.Build.0 = Debug|Any CPU
		{B1F68056-7C2F-40EF-A04B-65A9AF73D5A1}.Debug|x64.ActiveCfg = Debug|Any CPU
		{B1F68056-7C2F-40EF-A04B-65A9AF73D5A1}.Debug|x64.Build.0 = Debug|Any CPU
		{B1F68056-7C2F-40EF-A04B-65A9AF73D5A1}.Debug|x86.ActiveCfg = Debug|Any CPU
		{B1F68056-7C2F-40EF-A04B-65A9AF73D5A1}.Debug|x86.Build.0 = Debug|Any CPU
		{B1F68056-7C2F-40EF-A04B-65A9AF73D5A1}.Release|Any CPU.ActiveCfg = Release|Any CPU
		{B1F68056-7C2F-40EF-A04B-65A9AF73D5A1}.Release|Any CPU.Build.0 = Release|Any CPU
		{B1F68056-7C2F-40EF-A04B-65A9AF73D5A1}.Release|x64.ActiveCfg = Release|Any CPU
		{B1F68056-7C2F-40EF-A04B-65A9AF73D5A1}.Release|x64.Build.0 = Release|Any CPU
		{B1F68056-7C2F-40EF-A04B-65A9AF73D5A1}.Release|x86.ActiveCfg = Release|Any CPU
		{B1F68056-7C2F-40EF-A04B-65A9AF73D5A1}.Release|x86.Build.0 = Release|Any CPU
		{A5124832-0444-4A1E-A328-7EE4FA622D00}.Debug|Any CPU.ActiveCfg = Debug|Any CPU
		{A5124832-0444-4A1E-A328-7EE4FA622D00}.Debug|Any CPU.Build.0 = Debug|Any CPU
		{A5124832-0444-4A1E-A328-7EE4FA622D00}.Debug|x64.ActiveCfg = Debug|Any CPU
		{A5124832-0444-4A1E-A328-7EE4FA622D00}.Debug|x64.Build.0 = Debug|Any CPU
		{A5124832-0444-4A1E-A328-7EE4FA622D00}.Debug|x86.ActiveCfg = Debug|Any CPU
		{A5124832-0444-4A1E-A328-7EE4FA622D00}.Debug|x86.Build.0 = Debug|Any CPU
		{A5124832-0444-4A1E-A328-7EE4FA622D00}.Release|Any CPU.ActiveCfg = Release|Any CPU
		{A5124832-0444-4A1E-A328-7EE4FA622D00}.Release|Any CPU.Build.0 = Release|Any CPU
		{A5124832-0444-4A1E-A328-7EE4FA622D00}.Release|x64.ActiveCfg = Release|Any CPU
		{A5124832-0444-4A1E-A328-7EE4FA622D00}.Release|x64.Build.0 = Release|Any CPU
		{A5124832-0444-4A1E-A328-7EE4FA622D00}.Release|x86.ActiveCfg = Release|Any CPU
		{A5124832-0444-4A1E-A328-7EE4FA622D00}.Release|x86.Build.0 = Release|Any CPU
		{E29E416E-64FB-45B3-B23B-E38AFC7B8F31}.Debug|Any CPU.ActiveCfg = Debug|Any CPU
		{E29E416E-64FB-45B3-B23B-E38AFC7B8F31}.Debug|Any CPU.Build.0 = Debug|Any CPU
		{E29E416E-64FB-45B3-B23B-E38AFC7B8F31}.Debug|x64.ActiveCfg = Debug|Any CPU
		{E29E416E-64FB-45B3-B23B-E38AFC7B8F31}.Debug|x64.Build.0 = Debug|Any CPU
		{E29E416E-64FB-45B3-B23B-E38AFC7B8F31}.Debug|x86.ActiveCfg = Debug|Any CPU
		{E29E416E-64FB-45B3-B23B-E38AFC7B8F31}.Debug|x86.Build.0 = Debug|Any CPU
		{E29E416E-64FB-45B3-B23B-E38AFC7B8F31}.Release|Any CPU.ActiveCfg = Release|Any CPU
		{E29E416E-64FB-45B3-B23B-E38AFC7B8F31}.Release|Any CPU.Build.0 = Release|Any CPU
		{E29E416E-64FB-45B3-B23B-E38AFC7B8F31}.Release|x64.ActiveCfg = Release|Any CPU
		{E29E416E-64FB-45B3-B23B-E38AFC7B8F31}.Release|x64.Build.0 = Release|Any CPU
		{E29E416E-64FB-45B3-B23B-E38AFC7B8F31}.Release|x86.ActiveCfg = Release|Any CPU
		{E29E416E-64FB-45B3-B23B-E38AFC7B8F31}.Release|x86.Build.0 = Release|Any CPU
		{C32B31D2-9669-4FA5-AE45-A0D05F00AEE5}.Debug|Any CPU.ActiveCfg = Debug|Any CPU
		{C32B31D2-9669-4FA5-AE45-A0D05F00AEE5}.Debug|Any CPU.Build.0 = Debug|Any CPU
		{C32B31D2-9669-4FA5-AE45-A0D05F00AEE5}.Debug|x64.ActiveCfg = Debug|Any CPU
		{C32B31D2-9669-4FA5-AE45-A0D05F00AEE5}.Debug|x64.Build.0 = Debug|Any CPU
		{C32B31D2-9669-4FA5-AE45-A0D05F00AEE5}.Debug|x86.ActiveCfg = Debug|Any CPU
		{C32B31D2-9669-4FA5-AE45-A0D05F00AEE5}.Debug|x86.Build.0 = Debug|Any CPU
		{C32B31D2-9669-4FA5-AE45-A0D05F00AEE5}.Release|Any CPU.ActiveCfg = Release|Any CPU
		{C32B31D2-9669-4FA5-AE45-A0D05F00AEE5}.Release|Any CPU.Build.0 = Release|Any CPU
		{C32B31D2-9669-4FA5-AE45-A0D05F00AEE5}.Release|x64.ActiveCfg = Release|Any CPU
		{C32B31D2-9669-4FA5-AE45-A0D05F00AEE5}.Release|x64.Build.0 = Release|Any CPU
		{C32B31D2-9669-4FA5-AE45-A0D05F00AEE5}.Release|x86.ActiveCfg = Release|Any CPU
		{C32B31D2-9669-4FA5-AE45-A0D05F00AEE5}.Release|x86.Build.0 = Release|Any CPU
		{14C9299B-197C-4AB9-AF66-4D5BE175EF12}.Debug|Any CPU.ActiveCfg = Debug|Any CPU
		{14C9299B-197C-4AB9-AF66-4D5BE175EF12}.Debug|Any CPU.Build.0 = Debug|Any CPU
		{14C9299B-197C-4AB9-AF66-4D5BE175EF12}.Debug|x64.ActiveCfg = Debug|Any CPU
		{14C9299B-197C-4AB9-AF66-4D5BE175EF12}.Debug|x64.Build.0 = Debug|Any CPU
		{14C9299B-197C-4AB9-AF66-4D5BE175EF12}.Debug|x86.ActiveCfg = Debug|Any CPU
		{14C9299B-197C-4AB9-AF66-4D5BE175EF12}.Debug|x86.Build.0 = Debug|Any CPU
		{14C9299B-197C-4AB9-AF66-4D5BE175EF12}.Release|Any CPU.ActiveCfg = Release|Any CPU
		{14C9299B-197C-4AB9-AF66-4D5BE175EF12}.Release|Any CPU.Build.0 = Release|Any CPU
		{14C9299B-197C-4AB9-AF66-4D5BE175EF12}.Release|x64.ActiveCfg = Release|Any CPU
		{14C9299B-197C-4AB9-AF66-4D5BE175EF12}.Release|x64.Build.0 = Release|Any CPU
		{14C9299B-197C-4AB9-AF66-4D5BE175EF12}.Release|x86.ActiveCfg = Release|Any CPU
		{14C9299B-197C-4AB9-AF66-4D5BE175EF12}.Release|x86.Build.0 = Release|Any CPU
	EndGlobalSection
	GlobalSection(SolutionProperties) = preSolution
		HideSolutionNode = FALSE
	EndGlobalSection
	GlobalSection(NestedProjects) = preSolution
		{14C9299B-197C-4AB9-AF66-4D5BE175EF12} = {0AB3BF05-4346-4AA6-1389-037BE0695223}
	EndGlobalSection
EndGlobal
